<?xml version="1.0" encoding="utf-8"?>
<Project ToolsVersion="4.0" xmlns="http://schemas.microsoft.com/developer/msbuild/2003">
  <ItemGroup>
    <Filter Include="service">
      <UniqueIdentifier>{0f0f5439-824c-445a-8b3e-13d3f745df2e}</UniqueIdentifier>
    </Filter>
    <Filter Include="external">
      <UniqueIdentifier>{d644382c-95fa-453b-b6c0-4c6b7352b98b}</UniqueIdentifier>
    </Filter>
    <Filter Include="nbu_api">
      <UniqueIdentifier>{2392dec5-c795-4608-bcf2-94c5324994de}</UniqueIdentifier>
    </Filter>
  </ItemGroup>
  <ItemGroup>
    <ClCompile Include="main.cpp" />
    <ClCompile Include="service\installer.cpp">
      <Filter>service</Filter>
    </ClCompile>
    <ClCompile Include="service\service.cpp">
      <Filter>service</Filter>
    </ClCompile>
    <ClCompile Include="config.cpp" />
    <ClCompile Include="nbu_api\api.hpp">
      <Filter>nbu_api</Filter>
    </ClCompile>
    <ClCompile Include="external\tinyxml2.cpp">
      <Filter>external</Filter>
    </ClCompile>
    <ClCompile Include="service\logger.cpp">
      <Filter>service</Filter>
    </ClCompile>
  </ItemGroup>
  <ItemGroup>
    <ClInclude Include="service\installer.hpp">
      <Filter>service</Filter>
    </ClInclude>
    <ClInclude Include="service\service.hpp">
      <Filter>service</Filter>
    </ClInclude>
    <ClInclude Include="external\httplib.h">
      <Filter>external</Filter>
    </ClInclude>
    <ClInclude Include="external\json.hpp">
      <Filter>external</Filter>
    </ClInclude>
    <ClInclude Include="config.hpp" />
    <ClInclude Include="service\logger.hpp">
      <Filter>service</Filter>
    </ClInclude>
    <ClInclude Include="utils.hpp" />
    <ClInclude Include="external\tinyxml2.h">
      <Filter>external</Filter>
    </ClInclude>
  </ItemGroup>
</Project>