<?xml version="1.0" encoding="utf-8"?>
<Project ToolsVersion="4.0" xmlns="http://schemas.microsoft.com/developer/msbuild/2003">
  <ItemGroup>
    <Filter Include="service">
      <UniqueIdentifier>{0f0f5439-824c-445a-8b3e-13d3f745df2e}</UniqueIdentifier>
    </Filter>
  </ItemGroup>
  <ItemGroup>
    <ClCompile Include="main.cpp" />
    <ClCompile Include="service.cpp">
      <Filter>service</Filter>
    </ClCompile>
    <ClCompile Include="installer.cpp">
      <Filter>service</Filter>
    </ClCompile>
  </ItemGroup>
  <ItemGroup>
    <ClInclude Include="service.hpp">
      <Filter>service</Filter>
    </ClInclude>
    <ClInclude Include="installer.hpp">
      <Filter>service</Filter>
    </ClInclude>
  </ItemGroup>
</Project>